
Microsoft Visual Studio Solution File, Format Version 12.00
# Visual Studio Version 17
VisualStudioVersion = 17.12.35707.178 d17.12
MinimumVisualStudioVersion = 10.0.40219.1
Project("{FAE04EC0-301F-11D3-BF4B-00C04F79EFBC}") = "EvaluacionUD1Cuentos", "EvaluacionUD1Cuentos.csproj", "{483BF6A5-410C-48A7-B9C5-BB2BAFCCDE8E}"
EndProject
Project("{FAE04EC0-301F-11D3-BF4B-00C04F79EFBC}") = "ClienteMadLibs", "..\ClienteMadLibs\ClienteMadLibs.csproj", "{D4C6441A-C231-48BC-9489-AD9478DB4620}"
EndProject
Project("{FAE04EC0-301F-11D3-BF4B-00C04F79EFBC}") = "ServidorMadLibs", "..\ServidorMadLibs\ServidorMadLibs.csproj", "{34BEFD3F-7ACC-484E-B401-78F2ECAA5880}"
EndProject
Global
	GlobalSection(SolutionConfigurationPlatforms) = preSolution
		Debug|Any CPU = Debug|Any CPU
		Release|Any CPU = Release|Any CPU
	EndGlobalSection
	GlobalSection(ProjectConfigurationPlatforms) = postSolution
		{483BF6A5-410C-48A7-B9C5-BB2BAFCCDE8E}.Debug|Any CPU.ActiveCfg = Debug|Any CPU
		{483BF6A5-410C-48A7-B9C5-BB2BAFCCDE8E}.Debug|Any CPU.Build.0 = Debug|Any CPU
		{483BF6A5-410C-48A7-B9C5-BB2BAFCCDE8E}.Release|Any CPU.ActiveCfg = Release|Any CPU
		{483BF6A5-410C-48A7-B9C5-BB2BAFCCDE8E}.Release|Any CPU.Build.0 = Release|Any CPU
		{D4C6441A-C231-48BC-9489-AD9478DB4620}.Debug|Any CPU.ActiveCfg = Debug|Any CPU
		{D4C6441A-C231-48BC-9489-AD9478DB4620}.Debug|Any CPU.Build.0 = Debug|Any CPU
		{D4C6441A-C231-48BC-9489-AD9478DB4620}.Release|Any CPU.ActiveCfg = Release|Any CPU
		{D4C6441A-C231-48BC-9489-AD9478DB4620}.Release|Any CPU.Build.0 = Release|Any CPU
		{34BEFD3F-7ACC-484E-B401-78F2ECAA5880}.Debug|Any CPU.ActiveCfg = Debug|Any CPU
		{34BEFD3F-7ACC-484E-B401-78F2ECAA5880}.Debug|Any CPU.Build.0 = Debug|Any CPU
		{34BEFD3F-7ACC-484E-B401-78F2ECAA5880}.Release|Any CPU.ActiveCfg = Release|Any CPU
		{34BEFD3F-7ACC-484E-B401-78F2ECAA5880}.Release|Any CPU.Build.0 = Release|Any CPU
	EndGlobalSection
	GlobalSection(SolutionProperties) = preSolution
		HideSolutionNode = FALSE
	EndGlobalSection
EndGlobal
